
Microsoft Visual Studio Solution File, Format Version 12.00
# Visual Studio 15
VisualStudioVersion = 15.0.26430.15
MinimumVisualStudioVersion = 10.0.40219.1
Project("{9A19103F-16F7-4668-BE54-9A1E7A4F7556}") = "TCPServer", "TCPServer\TCPServer.csproj", "{F659AC95-4B86-4B24-81AF-5BC5C7E2CB93}"
EndProject
Project("{FAE04EC0-301F-11D3-BF4B-00C04F79EFBC}") = "TCPServer.Tests", "TCPServer.Tests\TCPServer.Tests.csproj", "{A742C406-A10E-4677-AD19-CEB97FB009A3}"
EndProject
Global
	GlobalSection(SolutionConfigurationPlatforms) = preSolution
		Debug|Any CPU = Debug|Any CPU
		Release|Any CPU = Release|Any CPU
	EndGlobalSection
	GlobalSection(ProjectConfigurationPlatforms) = postSolution
		{F659AC95-4B86-4B24-81AF-5BC5C7E2CB93}.Debug|Any CPU.ActiveCfg = Debug|Any CPU
		{F659AC95-4B86-4B24-81AF-5BC5C7E2CB93}.Debug|Any CPU.Build.0 = Debug|Any CPU
		{F659AC95-4B86-4B24-81AF-5BC5C7E2CB93}.Release|Any CPU.ActiveCfg = Release|Any CPU
		{F659AC95-4B86-4B24-81AF-5BC5C7E2CB93}.Release|Any CPU.Build.0 = Release|Any CPU
		{A742C406-A10E-4677-AD19-CEB97FB009A3}.Debug|Any CPU.ActiveCfg = Debug|Any CPU
		{A742C406-A10E-4677-AD19-CEB97FB009A3}.Debug|Any CPU.Build.0 = Debug|Any CPU
		{A742C406-A10E-4677-AD19-CEB97FB009A3}.Release|Any CPU.ActiveCfg = Release|Any CPU
		{A742C406-A10E-4677-AD19-CEB97FB009A3}.Release|Any CPU.Build.0 = Release|Any CPU
	EndGlobalSection
	GlobalSection(SolutionProperties) = preSolution
		HideSolutionNode = FALSE
	EndGlobalSection
EndGlobal
